<?xml version="1.0" encoding="utf-8"?>
<Project ToolsVersion="4.0" xmlns="http://schemas.microsoft.com/developer/msbuild/2003">
  <ItemGroup>
    <Filter Include="소스 파일">
      <UniqueIdentifier>{4FC737F1-C7A5-4376-A066-2A32D752A2FF}</UniqueIdentifier>
      <Extensions>cpp;c;cc;cxx;def;odl;idl;hpj;bat;asm;asmx</Extensions>
    </Filter>
    <Filter Include="헤더 파일">
      <UniqueIdentifier>{93995380-89BD-4b04-88EB-625FBE52EBFB}</UniqueIdentifier>
      <Extensions>h;hpp;hxx;hm;inl;inc;xsd</Extensions>
    </Filter>
    <Filter Include="리소스 파일">
      <UniqueIdentifier>{67DA6AB6-F800-4c08-8B7A-83BB121AAD01}</UniqueIdentifier>
      <Extensions>rc;ico;cur;bmp;dlg;rc2;rct;bin;rgs;gif;jpg;jpeg;jpe;resx;tiff;tif;png;wav;mfcribbon-ms</Extensions>
    </Filter>
  </ItemGroup>
  <ItemGroup>
    <None Include="ReadMe.txt" />
    <None Include="res\CMI4200L.rc2">
      <Filter>리소스 파일</Filter>
    </None>
    <None Include="res\CMI4200L.ico">
      <Filter>리소스 파일</Filter>
    </None>
    <None Include="res\System_Exit.ico">
      <Filter>리소스 파일</Filter>
    </None>
    <None Include="res\Monitor.ico">
      <Filter>리소스 파일</Filter>
    </None>
    <None Include="res\TenKey.ico">
      <Filter>리소스 파일</Filter>
    </None>
    <None Include="res\Log.ico">
      <Filter>리소스 파일</Filter>
    </None>
    <None Include="res\Setup.ico">
      <Filter>리소스 파일</Filter>
    </None>
    <None Include="res\Manual.ico">
      <Filter>리소스 파일</Filter>
    </None>
    <None Include="res\Work.ico">
      <Filter>리소스 파일</Filter>
    </None>
    <None Include="res\Initial.ico">
      <Filter>리소스 파일</Filter>
    </None>
    <None Include="res\Cancel.ico">
      <Filter>리소스 파일</Filter>
    </None>
    <None Include="res\OK.ico">
      <Filter>리소스 파일</Filter>
    </None>
    <None Include="res\InOut.ico">
      <Filter>리소스 파일</Filter>
    </None>
    <None Include="res\Motion.ico">
      <Filter>리소스 파일</Filter>
    </None>
    <None Include="res\Arw3_UR.ico">
      <Filter>리소스 파일</Filter>
    </None>
    <None Include="res\Arw3_UL.ico">
      <Filter>리소스 파일</Filter>
    </None>
    <None Include="res\Arw3_DR.ico">
      <Filter>리소스 파일</Filter>
    </None>
    <None Include="res\Arw3_DL.ico">
      <Filter>리소스 파일</Filter>
    </None>
    <None Include="res\Arw2_UP.ico">
      <Filter>리소스 파일</Filter>
    </None>
    <None Include="res\Arw2_RT.ico">
      <Filter>리소스 파일</Filter>
    </None>
    <None Include="res\Arw2_LF.ico">
      <Filter>리소스 파일</Filter>
    </None>
    <None Include="res\Arw2_DN.ico">
      <Filter>리소스 파일</Filter>
    </None>
    <None Include="res\Arw1_UP.ico">
      <Filter>리소스 파일</Filter>
    </None>
    <None Include="res\Arw1_RT.ico">
      <Filter>리소스 파일</Filter>
    </None>
    <None Include="res\Arw1_LF.ico">
      <Filter>리소스 파일</Filter>
    </None>
    <None Include="res\Arw1_DN.ico">
      <Filter>리소스 파일</Filter>
    </None>
    <None Include="res\Arw4_Up.bmp">
      <Filter>리소스 파일</Filter>
    </None>
    <None Include="res\Arw4_Rt.bmp">
      <Filter>리소스 파일</Filter>
    </None>
    <None Include="res\Arw4_Lf.bmp">
      <Filter>리소스 파일</Filter>
    </None>
    <None Include="res\Arw4_Dn.bmp">
      <Filter>리소스 파일</Filter>
    </None>
    <None Include="res\EquipError.bmp">
      <Filter>리소스 파일</Filter>
    </None>
    <None Include="res\Equipment.bmp">
      <Filter>리소스 파일</Filter>
    </None>
    <None Include="res\SynapseLogo.bmp">
      <Filter>리소스 파일</Filter>
    </None>
    <None Include="res\SynapseImage.bmp">
      <Filter>리소스 파일</Filter>
    </None>
    <None Include="res\Close.ico">
      <Filter>리소스 파일</Filter>
    </None>
    <None Include="res\icon1.ico">
      <Filter>리소스 파일</Filter>
    </None>
    <None Include="res\Pause.ico">
      <Filter>리소스 파일</Filter>
    </None>
    <None Include="res\icon2.ico">
      <Filter>리소스 파일</Filter>
    </None>
    <None Include="res\LG_symbol.ico">
      <Filter>리소스 파일</Filter>
    </None>
    <None Include="res\bitmap1.bmp">
      <Filter>리소스 파일</Filter>
    </None>
    <None Include="res\LGInnotek_T6.bmp">
      <Filter>리소스 파일</Filter>
    </None>
  </ItemGroup>
  <ItemGroup>
    <ClInclude Include="CMI4200L.h">
      <Filter>헤더 파일</Filter>
    </ClInclude>
    <ClInclude Include="CMI4200LDlg.h">
      <Filter>헤더 파일</Filter>
    </ClInclude>
    <ClInclude Include="stdafx.h">
      <Filter>헤더 파일</Filter>
    </ClInclude>
    <ClInclude Include="targetver.h">
      <Filter>헤더 파일</Filter>
    </ClInclude>
    <ClInclude Include="Resource.h">
      <Filter>헤더 파일</Filter>
    </ClInclude>
    <ClInclude Include="LedStatic.h">
      <Filter>헤더 파일</Filter>
    </ClInclude>
    <ClInclude Include="SplashDlg.h">
      <Filter>헤더 파일</Filter>
    </ClInclude>
    <ClInclude Include="InitialDlg.h">
      <Filter>헤더 파일</Filter>
    </ClInclude>
    <ClInclude Include="WorkDlg.h">
      <Filter>헤더 파일</Filter>
    </ClInclude>
    <ClInclude Include="ManualDlg.h">
      <Filter>헤더 파일</Filter>
    </ClInclude>
    <ClInclude Include="SetupDlg.h">
      <Filter>헤더 파일</Filter>
    </ClInclude>
    <ClInclude Include="SetupEquipDlg.h">
      <Filter>헤더 파일</Filter>
    </ClInclude>
    <ClInclude Include="SetupModelDlg.h">
      <Filter>헤더 파일</Filter>
    </ClInclude>
    <ClInclude Include="SetupMoveDlg.h">
      <Filter>헤더 파일</Filter>
    </ClInclude>
    <ClInclude Include="SetupMoveTab1Dlg.h">
      <Filter>헤더 파일</Filter>
    </ClInclude>
    <ClInclude Include="SetupMoveTab2Dlg.h">
      <Filter>헤더 파일</Filter>
    </ClInclude>
    <ClInclude Include="SetupMoveTab3Dlg.h">
      <Filter>헤더 파일</Filter>
    </ClInclude>
    <ClInclude Include="SetupMoveTab4Dlg.h">
      <Filter>헤더 파일</Filter>
    </ClInclude>
    <ClInclude Include="SetupMotionDlg.h">
      <Filter>헤더 파일</Filter>
    </ClInclude>
    <ClInclude Include="SetupMotionTabDlg.h">
      <Filter>헤더 파일</Filter>
    </ClInclude>
    <ClInclude Include="SetupInOutDlg.h">
      <Filter>헤더 파일</Filter>
    </ClInclude>
    <ClInclude Include="SetupInOutTabDlg.h">
      <Filter>헤더 파일</Filter>
    </ClInclude>
    <ClInclude Include="MonitorDlg.h">
      <Filter>헤더 파일</Filter>
    </ClInclude>
    <ClInclude Include="MonitorMotionDlg.h">
      <Filter>헤더 파일</Filter>
    </ClInclude>
    <ClInclude Include="MonitorMotionTabDlg.h">
      <Filter>헤더 파일</Filter>
    </ClInclude>
    <ClInclude Include="MonitorInOutDlg.h">
      <Filter>헤더 파일</Filter>
    </ClInclude>
    <ClInclude Include="MonitorInOutTabDlg.h">
      <Filter>헤더 파일</Filter>
    </ClInclude>
    <ClInclude Include="MonitorLogDlg.h">
      <Filter>헤더 파일</Filter>
    </ClInclude>
    <ClInclude Include="ErrorDlg.h">
      <Filter>헤더 파일</Filter>
    </ClInclude>
    <ClInclude Include="MsgBoxDlg.h">
      <Filter>헤더 파일</Filter>
    </ClInclude>
    <ClInclude Include="NumPadDlg.h">
      <Filter>헤더 파일</Filter>
    </ClInclude>
    <ClInclude Include="KeyPadDlg.h">
      <Filter>헤더 파일</Filter>
    </ClInclude>
    <ClInclude Include="PasswordDlg.h">
      <Filter>헤더 파일</Filter>
    </ClInclude>
    <ClInclude Include="AJinAXL.h">
      <Filter>헤더 파일</Filter>
    </ClInclude>
    <ClInclude Include="AJinDefine.h">
      <Filter>헤더 파일</Filter>
    </ClInclude>
    <ClInclude Include="DataManager.h">
      <Filter>헤더 파일</Filter>
    </ClInclude>
    <ClInclude Include="Common.h">
      <Filter>헤더 파일</Filter>
    </ClInclude>
    <ClInclude Include="Inspector.h">
      <Filter>헤더 파일</Filter>
    </ClInclude>
    <ClInclude Include="SequenceInit.h">
      <Filter>헤더 파일</Filter>
    </ClInclude>
    <ClInclude Include="SequenceMain.h">
      <Filter>헤더 파일</Filter>
    </ClInclude>
    <ClInclude Include="LogFile.h">
      <Filter>헤더 파일</Filter>
    </ClInclude>
    <ClInclude Include="MinidumpHelp.h">
      <Filter>헤더 파일</Filter>
    </ClInclude>
    <ClInclude Include="Data.h">
      <Filter>헤더 파일</Filter>
    </ClInclude>
    <ClInclude Include="ExtBarcode_Honeywell.h">
      <Filter>헤더 파일</Filter>
    </ClInclude>
    <ClInclude Include="SerialInterface.h">
      <Filter>헤더 파일</Filter>
    </ClInclude>
    <ClInclude Include="SocketTCP.h">
      <Filter>헤더 파일</Filter>
    </ClInclude>
    <ClInclude Include="DataSocket.h">
      <Filter>헤더 파일</Filter>
    </ClInclude>
    <ClInclude Include="ListBoxDlg.h">
      <Filter>헤더 파일</Filter>
    </ClInclude>
    <ClInclude Include="Barcode_DS1100.h">
      <Filter>헤더 파일</Filter>
    </ClInclude>
    <ClInclude Include="PauseDlg.h">
      <Filter>헤더 파일</Filter>
    </ClInclude>
    <ClInclude Include="OperatorDlg.h">
      <Filter>헤더 파일</Filter>
    </ClInclude>
    <ClInclude Include="MESInterface.h">
      <Filter>헤더 파일</Filter>
    </ClInclude>
    <ClInclude Include="CapAttachUDP.h">
      <Filter>헤더 파일</Filter>
    </ClInclude>
    <ClInclude Include="Manual_InspectorDlg.h">
      <Filter>헤더 파일</Filter>
    </ClInclude>
    <ClInclude Include="Manual_UnloadingDlg.h">
      <Filter>헤더 파일</Filter>
    </ClInclude>
    <ClInclude Include="Manual_LoadingDlg.h">
      <Filter>헤더 파일</Filter>
    </ClInclude>
    <ClInclude Include="Manual_LoadPickerDlg.h">
      <Filter>헤더 파일</Filter>
    </ClInclude>
    <ClInclude Include="Manual_UnloadPickerDlg.h">
      <Filter>헤더 파일</Filter>
    </ClInclude>
    <ClInclude Include="Manual_NgGoodPickerDlg.h">
      <Filter>헤더 파일</Filter>
    </ClInclude>
  </ItemGroup>
  <ItemGroup>
    <ClCompile Include="CMI4200L.cpp">
      <Filter>소스 파일</Filter>
    </ClCompile>
    <ClCompile Include="CMI4200LDlg.cpp">
      <Filter>소스 파일</Filter>
    </ClCompile>
    <ClCompile Include="stdafx.cpp">
      <Filter>소스 파일</Filter>
    </ClCompile>
    <ClCompile Include="LedStatic.cpp">
      <Filter>소스 파일</Filter>
    </ClCompile>
    <ClCompile Include="SplashDlg.cpp">
      <Filter>소스 파일</Filter>
    </ClCompile>
    <ClCompile Include="InitialDlg.cpp">
      <Filter>소스 파일</Filter>
    </ClCompile>
    <ClCompile Include="WorkDlg.cpp">
      <Filter>소스 파일</Filter>
    </ClCompile>
    <ClCompile Include="ManualDlg.cpp">
      <Filter>소스 파일</Filter>
    </ClCompile>
    <ClCompile Include="SetupDlg.cpp">
      <Filter>소스 파일</Filter>
    </ClCompile>
    <ClCompile Include="SetupEquipDlg.cpp">
      <Filter>소스 파일</Filter>
    </ClCompile>
    <ClCompile Include="SetupModelDlg.cpp">
      <Filter>소스 파일</Filter>
    </ClCompile>
    <ClCompile Include="SetupMoveDlg.cpp">
      <Filter>소스 파일</Filter>
    </ClCompile>
    <ClCompile Include="SetupMoveTab1Dlg.cpp">
      <Filter>소스 파일</Filter>
    </ClCompile>
    <ClCompile Include="SetupMoveTab2Dlg.cpp">
      <Filter>소스 파일</Filter>
    </ClCompile>
    <ClCompile Include="SetupMoveTab3Dlg.cpp">
      <Filter>소스 파일</Filter>
    </ClCompile>
    <ClCompile Include="SetupMoveTab4Dlg.cpp">
      <Filter>소스 파일</Filter>
    </ClCompile>
    <ClCompile Include="SetupMotionDlg.cpp">
      <Filter>소스 파일</Filter>
    </ClCompile>
    <ClCompile Include="SetupMotionTabDlg.cpp">
      <Filter>소스 파일</Filter>
    </ClCompile>
    <ClCompile Include="SetupInOutDlg.cpp">
      <Filter>소스 파일</Filter>
    </ClCompile>
    <ClCompile Include="SetupInOutTabDlg.cpp">
      <Filter>소스 파일</Filter>
    </ClCompile>
    <ClCompile Include="MonitorDlg.cpp">
      <Filter>소스 파일</Filter>
    </ClCompile>
    <ClCompile Include="MonitorMotionDlg.cpp">
      <Filter>소스 파일</Filter>
    </ClCompile>
    <ClCompile Include="MonitorMotionTabDlg.cpp">
      <Filter>소스 파일</Filter>
    </ClCompile>
    <ClCompile Include="MonitorInOutDlg.cpp">
      <Filter>소스 파일</Filter>
    </ClCompile>
    <ClCompile Include="MonitorInOutTabDlg.cpp">
      <Filter>소스 파일</Filter>
    </ClCompile>
    <ClCompile Include="MonitorLogDlg.cpp">
      <Filter>소스 파일</Filter>
    </ClCompile>
    <ClCompile Include="ErrorDlg.cpp">
      <Filter>소스 파일</Filter>
    </ClCompile>
    <ClCompile Include="MsgBoxDlg.cpp">
      <Filter>소스 파일</Filter>
    </ClCompile>
    <ClCompile Include="NumPadDlg.cpp">
      <Filter>소스 파일</Filter>
    </ClCompile>
    <ClCompile Include="KeyPadDlg.cpp">
      <Filter>소스 파일</Filter>
    </ClCompile>
    <ClCompile Include="PasswordDlg.cpp">
      <Filter>소스 파일</Filter>
    </ClCompile>
    <ClCompile Include="AJinAXL.cpp">
      <Filter>소스 파일</Filter>
    </ClCompile>
    <ClCompile Include="DataManager.cpp">
      <Filter>소스 파일</Filter>
    </ClCompile>
    <ClCompile Include="Common.cpp">
      <Filter>소스 파일</Filter>
    </ClCompile>
    <ClCompile Include="Inspector.cpp">
      <Filter>소스 파일</Filter>
    </ClCompile>
    <ClCompile Include="SequenceInit.cpp">
      <Filter>소스 파일</Filter>
    </ClCompile>
    <ClCompile Include="SequenceMain.cpp">
      <Filter>소스 파일</Filter>
    </ClCompile>
    <ClCompile Include="LogFile.cpp">
      <Filter>소스 파일</Filter>
    </ClCompile>
    <ClCompile Include="MinidumpHelp.cpp">
      <Filter>소스 파일</Filter>
    </ClCompile>
    <ClCompile Include="Data.cpp">
      <Filter>소스 파일</Filter>
    </ClCompile>
    <ClCompile Include="ExtBarcode_Honeywell.cpp">
      <Filter>소스 파일</Filter>
    </ClCompile>
    <ClCompile Include="SerialInterface.cpp">
      <Filter>소스 파일</Filter>
    </ClCompile>
    <ClCompile Include="SocketTCP.cpp">
      <Filter>소스 파일</Filter>
    </ClCompile>
    <ClCompile Include="DataSocket.cpp">
      <Filter>소스 파일</Filter>
    </ClCompile>
    <ClCompile Include="ListBoxDlg.cpp">
      <Filter>소스 파일</Filter>
    </ClCompile>
    <ClCompile Include="Barcode_DS1100.cpp">
      <Filter>소스 파일</Filter>
    </ClCompile>
    <ClCompile Include="PauseDlg.cpp">
      <Filter>소스 파일</Filter>
    </ClCompile>
    <ClCompile Include="OperatorDlg.cpp">
      <Filter>소스 파일</Filter>
    </ClCompile>
    <ClCompile Include="MESInterface.cpp">
      <Filter>소스 파일</Filter>
    </ClCompile>
    <ClCompile Include="CapAttachUDP.cpp">
      <Filter>소스 파일</Filter>
    </ClCompile>
    <ClCompile Include="Manual_InspectorDlg.cpp">
      <Filter>소스 파일</Filter>
    </ClCompile>
    <ClCompile Include="Manual_UnloadingDlg.cpp">
      <Filter>소스 파일</Filter>
    </ClCompile>
    <ClCompile Include="Manual_LoadingDlg.cpp">
      <Filter>소스 파일</Filter>
    </ClCompile>
    <ClCompile Include="Manual_LoadPickerDlg.cpp">
      <Filter>소스 파일</Filter>
    </ClCompile>
    <ClCompile Include="Manual_UnloadPickerDlg.cpp">
      <Filter>소스 파일</Filter>
    </ClCompile>
    <ClCompile Include="Manual_NgGoodPickerDlg.cpp">
      <Filter>소스 파일</Filter>
    </ClCompile>
  </ItemGroup>
  <ItemGroup>
    <ResourceCompile Include="CMI4200L.rc">
      <Filter>리소스 파일</Filter>
    </ResourceCompile>
  </ItemGroup>
</Project>